// !$*UTF8*$!
{
	archiveVersion = 1;
	classes = {
	};
	objectVersion = 46;
	objects = {

/* Begin PBXBuildFile section */
		86769DA31C94E52D00B86A72 /* Info.plist in Resources */ = {isa = PBXBuildFile; fileRef = 86769D801C94E52D00B86A72 /* Info.plist */; };
		86769DA41C94E52D00B86A72 /* IRC_Numerics.plist in Resources */ = {isa = PBXBuildFile; fileRef = 86769D811C94E52D00B86A72 /* IRC_Numerics.plist */; };
		86769DA51C94E52D00B86A72 /* IRCClientChannel.h in Headers */ = {isa = PBXBuildFile; fileRef = 86769D821C94E52D00B86A72 /* IRCClientChannel.h */; };
		86769DA61C94E52D00B86A72 /* IRCClientChannel.m in Sources */ = {isa = PBXBuildFile; fileRef = 86769D831C94E52D00B86A72 /* IRCClientChannel.m */; };
		86769DA71C94E52D00B86A72 /* IRCClientChannel_Private.h in Headers */ = {isa = PBXBuildFile; fileRef = 86769D841C94E52D00B86A72 /* IRCClientChannel_Private.h */; };
		86769DA81C94E52D00B86A72 /* IRCClientChannelDelegate.h in Headers */ = {isa = PBXBuildFile; fileRef = 86769D851C94E52D00B86A72 /* IRCClientChannelDelegate.h */; };
		86769DA91C94E52D00B86A72 /* IRCClientSession.h in Headers */ = {isa = PBXBuildFile; fileRef = 86769D861C94E52D00B86A72 /* IRCClientSession.h */; };
		86769DAA1C94E52D00B86A72 /* IRCClientSession.m in Sources */ = {isa = PBXBuildFile; fileRef = 86769D871C94E52D00B86A72 /* IRCClientSession.m */; };
		86769DAB1C94E52D00B86A72 /* IRCClientSessionDelegate.h in Headers */ = {isa = PBXBuildFile; fileRef = 86769D881C94E52D00B86A72 /* IRCClientSessionDelegate.h */; };
		86769DAC1C94E52D00B86A72 /* IRCClient.h in Headers */ = {isa = PBXBuildFile; fileRef = 86769D891C94E52D00B86A72 /* IRCClient.h */; };
		86769DAD1C94E52D00B86A72 /* config.h in Headers */ = {isa = PBXBuildFile; fileRef = 86769D8C1C94E52D00B86A72 /* config.h */; };
		86769DAE1C94E52D00B86A72 /* dcc.h in Headers */ = {isa = PBXBuildFile; fileRef = 86769D8D1C94E52D00B86A72 /* dcc.h */; };
		86769DAF1C94E52D00B86A72 /* libirc_errors.h in Headers */ = {isa = PBXBuildFile; fileRef = 86769D8E1C94E52D00B86A72 /* libirc_errors.h */; };
		86769DB01C94E52D00B86A72 /* libirc_events.h in Headers */ = {isa = PBXBuildFile; fileRef = 86769D8F1C94E52D00B86A72 /* libirc_events.h */; };
		86769DB11C94E52D00B86A72 /* libirc_options.h in Headers */ = {isa = PBXBuildFile; fileRef = 86769D901C94E52D00B86A72 /* libirc_options.h */; };
		86769DB21C94E52D00B86A72 /* libirc_rfcnumeric.h in Headers */ = {isa = PBXBuildFile; fileRef = 86769D911C94E52D00B86A72 /* libirc_rfcnumeric.h */; };
		86769DB31C94E52D00B86A72 /* libircclient.h in Headers */ = {isa = PBXBuildFile; fileRef = 86769D921C94E52D00B86A72 /* libircclient.h */; };
		86769DB41C94E52D00B86A72 /* params.h in Headers */ = {isa = PBXBuildFile; fileRef = 86769D931C94E52D00B86A72 /* params.h */; };
		86769DB51C94E52D00B86A72 /* session.h in Headers */ = {isa = PBXBuildFile; fileRef = 86769D941C94E52D00B86A72 /* session.h */; };
		86769DB91C94E52D00B86A72 /* libircclient.c in Sources */ = {isa = PBXBuildFile; fileRef = 86769D991C94E52D00B86A72 /* libircclient.c */; };
		86769DBE1C94E52D00B86A72 /* NSData+SA_NSDataExtensions.h in Headers */ = {isa = PBXBuildFile; fileRef = 86769D9F1C94E52D00B86A72 /* NSData+SA_NSDataExtensions.h */; };
		86769DBF1C94E52D00B86A72 /* NSData+SA_NSDataExtensions.m in Sources */ = {isa = PBXBuildFile; fileRef = 86769DA01C94E52D00B86A72 /* NSData+SA_NSDataExtensions.m */; };
		86769DC01C94E52D00B86A72 /* README.md in Sources */ = {isa = PBXBuildFile; fileRef = 86769DA11C94E52D00B86A72 /* README.md */; };
		86769DC11C94E52D00B86A72 /* README in Resources */ = {isa = PBXBuildFile; fileRef = 86769DA21C94E52D00B86A72 /* README */; };
/* End PBXBuildFile section */

/* Begin PBXFileReference section */
		86769D451C94CC8000B86A72 /* IRCClient.framework */ = {isa = PBXFileReference; explicitFileType = wrapper.framework; includeInIndex = 0; path = IRCClient.framework; sourceTree = BUILT_PRODUCTS_DIR; };
		86769D801C94E52D00B86A72 /* Info.plist */ = {isa = PBXFileReference; fileEncoding = 4; lastKnownFileType = text.plist.xml; path = Info.plist; sourceTree = "<group>"; };
		86769D811C94E52D00B86A72 /* IRC_Numerics.plist */ = {isa = PBXFileReference; fileEncoding = 4; lastKnownFileType = text.plist.xml; path = IRC_Numerics.plist; sourceTree = "<group>"; };
		86769D821C94E52D00B86A72 /* IRCClientChannel.h */ = {isa = PBXFileReference; fileEncoding = 4; lastKnownFileType = sourcecode.c.h; path = IRCClientChannel.h; sourceTree = "<group>"; };
		86769D831C94E52D00B86A72 /* IRCClientChannel.m */ = {isa = PBXFileReference; fileEncoding = 4; lastKnownFileType = sourcecode.c.objc; path = IRCClientChannel.m; sourceTree = "<group>"; };
		86769D841C94E52D00B86A72 /* IRCClientChannel_Private.h */ = {isa = PBXFileReference; fileEncoding = 4; lastKnownFileType = sourcecode.c.h; path = IRCClientChannel_Private.h; sourceTree = "<group>"; };
		86769D851C94E52D00B86A72 /* IRCClientChannelDelegate.h */ = {isa = PBXFileReference; fileEncoding = 4; lastKnownFileType = sourcecode.c.h; path = IRCClientChannelDelegate.h; sourceTree = "<group>"; };
		86769D861C94E52D00B86A72 /* IRCClientSession.h */ = {isa = PBXFileReference; fileEncoding = 4; lastKnownFileType = sourcecode.c.h; path = IRCClientSession.h; sourceTree = "<group>"; };
		86769D871C94E52D00B86A72 /* IRCClientSession.m */ = {isa = PBXFileReference; fileEncoding = 4; lastKnownFileType = sourcecode.c.objc; path = IRCClientSession.m; sourceTree = "<group>"; };
		86769D881C94E52D00B86A72 /* IRCClientSessionDelegate.h */ = {isa = PBXFileReference; fileEncoding = 4; lastKnownFileType = sourcecode.c.h; path = IRCClientSessionDelegate.h; sourceTree = "<group>"; };
		86769D891C94E52D00B86A72 /* IRCClient.h */ = {isa = PBXFileReference; fileEncoding = 4; lastKnownFileType = sourcecode.c.h; path = IRCClient.h; sourceTree = "<group>"; };
		86769D8C1C94E52D00B86A72 /* config.h */ = {isa = PBXFileReference; fileEncoding = 4; lastKnownFileType = sourcecode.c.h; path = config.h; sourceTree = "<group>"; };
		86769D8D1C94E52D00B86A72 /* dcc.h */ = {isa = PBXFileReference; fileEncoding = 4; lastKnownFileType = sourcecode.c.h; path = dcc.h; sourceTree = "<group>"; };
		86769D8E1C94E52D00B86A72 /* libirc_errors.h */ = {isa = PBXFileReference; fileEncoding = 4; lastKnownFileType = sourcecode.c.h; path = libirc_errors.h; sourceTree = "<group>"; };
		86769D8F1C94E52D00B86A72 /* libirc_events.h */ = {isa = PBXFileReference; fileEncoding = 4; lastKnownFileType = sourcecode.c.h; path = libirc_events.h; sourceTree = "<group>"; };
		86769D901C94E52D00B86A72 /* libirc_options.h */ = {isa = PBXFileReference; fileEncoding = 4; lastKnownFileType = sourcecode.c.h; path = libirc_options.h; sourceTree = "<group>"; };
		86769D911C94E52D00B86A72 /* libirc_rfcnumeric.h */ = {isa = PBXFileReference; fileEncoding = 4; lastKnownFileType = sourcecode.c.h; path = libirc_rfcnumeric.h; sourceTree = "<group>"; };
		86769D921C94E52D00B86A72 /* libircclient.h */ = {isa = PBXFileReference; fileEncoding = 4; lastKnownFileType = sourcecode.c.h; path = libircclient.h; sourceTree = "<group>"; };
		86769D931C94E52D00B86A72 /* params.h */ = {isa = PBXFileReference; fileEncoding = 4; lastKnownFileType = sourcecode.c.h; path = params.h; sourceTree = "<group>"; };
		86769D941C94E52D00B86A72 /* session.h */ = {isa = PBXFileReference; fileEncoding = 4; lastKnownFileType = sourcecode.c.h; path = session.h; sourceTree = "<group>"; };
		86769D991C94E52D00B86A72 /* libircclient.c */ = {isa = PBXFileReference; fileEncoding = 4; lastKnownFileType = sourcecode.c.c; path = libircclient.c; sourceTree = "<group>"; };
		86769D9F1C94E52D00B86A72 /* NSData+SA_NSDataExtensions.h */ = {isa = PBXFileReference; fileEncoding = 4; lastKnownFileType = sourcecode.c.h; path = "NSData+SA_NSDataExtensions.h"; sourceTree = "<group>"; };
		86769DA01C94E52D00B86A72 /* NSData+SA_NSDataExtensions.m */ = {isa = PBXFileReference; fileEncoding = 4; lastKnownFileType = sourcecode.c.objc; path = "NSData+SA_NSDataExtensions.m"; sourceTree = "<group>"; };
		86769DA11C94E52D00B86A72 /* README.md */ = {isa = PBXFileReference; fileEncoding = 4; lastKnownFileType = net.daringfireball.markdown; path = README.md; sourceTree = "<group>"; };
		86769DA21C94E52D00B86A72 /* README */ = {isa = PBXFileReference; fileEncoding = 4; lastKnownFileType = text; path = README; sourceTree = "<group>"; };
/* End PBXFileReference section */

/* Begin PBXFrameworksBuildPhase section */
		86769D411C94CC8000B86A72 /* Frameworks */ = {
			isa = PBXFrameworksBuildPhase;
			buildActionMask = 2147483647;
			files = (
			);
			runOnlyForDeploymentPostprocessing = 0;
		};
/* End PBXFrameworksBuildPhase section */

/* Begin PBXGroup section */
		86769D3B1C94CC8000B86A72 = {
			isa = PBXGroup;
			children = (
				86769D7F1C94E52D00B86A72 /* IRCClient */,
				86769D891C94E52D00B86A72 /* IRCClient.h */,
				86769D8A1C94E52D00B86A72 /* libircclient */,
				86769D9E1C94E52D00B86A72 /* NSData+SA_NSDataExtensions */,
				86769DA21C94E52D00B86A72 /* README */,
				86769D461C94CC8000B86A72 /* Products */,
			);
			sourceTree = "<group>";
		};
		86769D461C94CC8000B86A72 /* Products */ = {
			isa = PBXGroup;
			children = (
				86769D451C94CC8000B86A72 /* IRCClient.framework */,
			);
			name = Products;
			sourceTree = "<group>";
		};
		86769D7F1C94E52D00B86A72 /* IRCClient */ = {
			isa = PBXGroup;
			children = (
				86769D801C94E52D00B86A72 /* Info.plist */,
				86769D811C94E52D00B86A72 /* IRC_Numerics.plist */,
				86769D821C94E52D00B86A72 /* IRCClientChannel.h */,
				86769D831C94E52D00B86A72 /* IRCClientChannel.m */,
				86769D841C94E52D00B86A72 /* IRCClientChannel_Private.h */,
				86769D851C94E52D00B86A72 /* IRCClientChannelDelegate.h */,
				86769D861C94E52D00B86A72 /* IRCClientSession.h */,
				86769D871C94E52D00B86A72 /* IRCClientSession.m */,
				86769D881C94E52D00B86A72 /* IRCClientSessionDelegate.h */,
			);
			path = IRCClient;
			sourceTree = "<group>";
		};
		86769D8A1C94E52D00B86A72 /* libircclient */ = {
			isa = PBXGroup;
			children = (
				86769D8B1C94E52D00B86A72 /* include */,
				86769D951C94E52D00B86A72 /* src */,
			);
			path = libircclient;
			sourceTree = "<group>";
		};
		86769D8B1C94E52D00B86A72 /* include */ = {
			isa = PBXGroup;
			children = (
				86769D8C1C94E52D00B86A72 /* config.h */,
				86769D8D1C94E52D00B86A72 /* dcc.h */,
				86769D8E1C94E52D00B86A72 /* libirc_errors.h */,
				86769D8F1C94E52D00B86A72 /* libirc_events.h */,
				86769D901C94E52D00B86A72 /* libirc_options.h */,
				86769D911C94E52D00B86A72 /* libirc_rfcnumeric.h */,
				86769D921C94E52D00B86A72 /* libircclient.h */,
				86769D931C94E52D00B86A72 /* params.h */,
				86769D941C94E52D00B86A72 /* session.h */,
			);
			path = include;
			sourceTree = "<group>";
		};
		86769D951C94E52D00B86A72 /* src */ = {
			isa = PBXGroup;
			children = (
				86769D991C94E52D00B86A72 /* libircclient.c */,
			);
			path = src;
			sourceTree = "<group>";
		};
		86769D9E1C94E52D00B86A72 /* NSData+SA_NSDataExtensions */ = {
			isa = PBXGroup;
			children = (
				86769D9F1C94E52D00B86A72 /* NSData+SA_NSDataExtensions.h */,
				86769DA01C94E52D00B86A72 /* NSData+SA_NSDataExtensions.m */,
				86769DA11C94E52D00B86A72 /* README.md */,
			);
			path = "NSData+SA_NSDataExtensions";
			sourceTree = "<group>";
		};
/* End PBXGroup section */

/* Begin PBXHeadersBuildPhase section */
		86769D421C94CC8000B86A72 /* Headers */ = {
			isa = PBXHeadersBuildPhase;
			buildActionMask = 2147483647;
			files = (
				86769DAC1C94E52D00B86A72 /* IRCClient.h in Headers */,
				86769DAB1C94E52D00B86A72 /* IRCClientSessionDelegate.h in Headers */,
				86769DA81C94E52D00B86A72 /* IRCClientChannelDelegate.h in Headers */,
				86769DB31C94E52D00B86A72 /* libircclient.h in Headers */,
				86769DB51C94E52D00B86A72 /* session.h in Headers */,
				86769DB21C94E52D00B86A72 /* libirc_rfcnumeric.h in Headers */,
				86769DBE1C94E52D00B86A72 /* NSData+SA_NSDataExtensions.h in Headers */,
				86769DAF1C94E52D00B86A72 /* libirc_errors.h in Headers */,
				86769DA91C94E52D00B86A72 /* IRCClientSession.h in Headers */,
				86769DA71C94E52D00B86A72 /* IRCClientChannel_Private.h in Headers */,
				86769DB01C94E52D00B86A72 /* libirc_events.h in Headers */,
				86769DAE1C94E52D00B86A72 /* dcc.h in Headers */,
				86769DB41C94E52D00B86A72 /* params.h in Headers */,
				86769DA51C94E52D00B86A72 /* IRCClientChannel.h in Headers */,
				86769DAD1C94E52D00B86A72 /* config.h in Headers */,
				86769DB11C94E52D00B86A72 /* libirc_options.h in Headers */,
			);
			runOnlyForDeploymentPostprocessing = 0;
		};
/* End PBXHeadersBuildPhase section */

/* Begin PBXNativeTarget section */
		86769D441C94CC8000B86A72 /* IRCClient */ = {
			isa = PBXNativeTarget;
			buildConfigurationList = 86769D4D1C94CC8000B86A72 /* Build configuration list for PBXNativeTarget "IRCClient" */;
			buildPhases = (
				86769D401C94CC8000B86A72 /* Sources */,
				86769D411C94CC8000B86A72 /* Frameworks */,
				86769D421C94CC8000B86A72 /* Headers */,
				86769D431C94CC8000B86A72 /* Resources */,
			);
			buildRules = (
			);
			dependencies = (
			);
			name = IRCClient;
			productName = IRCClient;
			productReference = 86769D451C94CC8000B86A72 /* IRCClient.framework */;
			productType = "com.apple.product-type.framework";
		};
/* End PBXNativeTarget section */

/* Begin PBXProject section */
		86769D3C1C94CC8000B86A72 /* Project object */ = {
			isa = PBXProject;
			attributes = {
				LastUpgradeCheck = 0720;
				TargetAttributes = {
					86769D441C94CC8000B86A72 = {
						CreatedOnToolsVersion = 7.2.1;
						DevelopmentTeam = Y37SMXVXBH;
					};
				};
			};
			buildConfigurationList = 86769D3F1C94CC8000B86A72 /* Build configuration list for PBXProject "IRCClient" */;
			compatibilityVersion = "Xcode 3.2";
			developmentRegion = English;
			hasScannedForEncodings = 0;
			knownRegions = (
				en,
			);
			mainGroup = 86769D3B1C94CC8000B86A72;
			productRefGroup = 86769D461C94CC8000B86A72 /* Products */;
			projectDirPath = "";
			projectRoot = "";
			targets = (
				86769D441C94CC8000B86A72 /* IRCClient */,
			);
		};
/* End PBXProject section */

/* Begin PBXResourcesBuildPhase section */
		86769D431C94CC8000B86A72 /* Resources */ = {
			isa = PBXResourcesBuildPhase;
			buildActionMask = 2147483647;
			files = (
				86769DC11C94E52D00B86A72 /* README in Resources */,
				86769DA31C94E52D00B86A72 /* Info.plist in Resources */,
				86769DA41C94E52D00B86A72 /* IRC_Numerics.plist in Resources */,
			);
			runOnlyForDeploymentPostprocessing = 0;
		};
/* End PBXResourcesBuildPhase section */

/* Begin PBXSourcesBuildPhase section */
		86769D401C94CC8000B86A72 /* Sources */ = {
			isa = PBXSourcesBuildPhase;
			buildActionMask = 2147483647;
			files = (
				86769DBF1C94E52D00B86A72 /* NSData+SA_NSDataExtensions.m in Sources */,
				86769DB91C94E52D00B86A72 /* libircclient.c in Sources */,
				86769DAA1C94E52D00B86A72 /* IRCClientSession.m in Sources */,
				86769DC01C94E52D00B86A72 /* README.md in Sources */,
				86769DA61C94E52D00B86A72 /* IRCClientChannel.m in Sources */,
			);
			runOnlyForDeploymentPostprocessing = 0;
		};
/* End PBXSourcesBuildPhase section */

/* Begin XCBuildConfiguration section */
		86769D4B1C94CC8000B86A72 /* Debug */ = {
			isa = XCBuildConfiguration;
			buildSettings = {
				ALWAYS_SEARCH_USER_PATHS = NO;
				CLANG_CXX_LANGUAGE_STANDARD = "gnu++0x";
				CLANG_CXX_LIBRARY = "libc++";
				CLANG_ENABLE_MODULES = YES;
				CLANG_ENABLE_OBJC_ARC = YES;
				CLANG_WARN_BOOL_CONVERSION = YES;
				CLANG_WARN_CONSTANT_CONVERSION = YES;
				CLANG_WARN_DIRECT_OBJC_ISA_USAGE = YES_ERROR;
				CLANG_WARN_EMPTY_BODY = YES;
				CLANG_WARN_ENUM_CONVERSION = YES;
				CLANG_WARN_INT_CONVERSION = YES;
				CLANG_WARN_OBJC_ROOT_CLASS = YES_ERROR;
				CLANG_WARN_UNREACHABLE_CODE = YES;
				CLANG_WARN__DUPLICATE_METHOD_MATCH = YES;
				"CODE_SIGN_IDENTITY[sdk=iphoneos*]" = "iPhone Developer";
				COPY_PHASE_STRIP = NO;
				CURRENT_PROJECT_VERSION = 1;
				DEBUG_INFORMATION_FORMAT = dwarf;
				ENABLE_STRICT_OBJC_MSGSEND = YES;
				ENABLE_TESTABILITY = YES;
				GCC_C_LANGUAGE_STANDARD = gnu99;
				GCC_DYNAMIC_NO_PIC = NO;
				GCC_NO_COMMON_BLOCKS = YES;
				GCC_OPTIMIZATION_LEVEL = 0;
				GCC_PREPROCESSOR_DEFINITIONS = (
					"DEBUG=1",
					"$(inherited)",
				);
				GCC_WARN_64_TO_32_BIT_CONVERSION = YES;
				GCC_WARN_ABOUT_RETURN_TYPE = YES_ERROR;
				GCC_WARN_UNDECLARED_SELECTOR = YES;
				GCC_WARN_UNINITIALIZED_AUTOS = YES_AGGRESSIVE;
				GCC_WARN_UNUSED_FUNCTION = YES;
				GCC_WARN_UNUSED_VARIABLE = YES;
				IPHONEOS_DEPLOYMENT_TARGET = 9.2;
				MTL_ENABLE_DEBUG_INFO = YES;
				ONLY_ACTIVE_ARCH = YES;
				SDKROOT = iphoneos;
				TARGETED_DEVICE_FAMILY = "1,2";
				VERSIONING_SYSTEM = "apple-generic";
				VERSION_INFO_PREFIX = "";
			};
			name = Debug;
		};
		86769D4C1C94CC8000B86A72 /* Release */ = {
			isa = XCBuildConfiguration;
			buildSettings = {
				ALWAYS_SEARCH_USER_PATHS = NO;
				CLANG_CXX_LANGUAGE_STANDARD = "gnu++0x";
				CLANG_CXX_LIBRARY = "libc++";
				CLANG_ENABLE_MODULES = YES;
				CLANG_ENABLE_OBJC_ARC = YES;
				CLANG_WARN_BOOL_CONVERSION = YES;
				CLANG_WARN_CONSTANT_CONVERSION = YES;
				CLANG_WARN_DIRECT_OBJC_ISA_USAGE = YES_ERROR;
				CLANG_WARN_EMPTY_BODY = YES;
				CLANG_WARN_ENUM_CONVERSION = YES;
				CLANG_WARN_INT_CONVERSION = YES;
				CLANG_WARN_OBJC_ROOT_CLASS = YES_ERROR;
				CLANG_WARN_UNREACHABLE_CODE = YES;
				CLANG_WARN__DUPLICATE_METHOD_MATCH = YES;
				"CODE_SIGN_IDENTITY[sdk=iphoneos*]" = "iPhone Developer";
				COPY_PHASE_STRIP = NO;
				CURRENT_PROJECT_VERSION = 1;
				DEBUG_INFORMATION_FORMAT = "dwarf-with-dsym";
				ENABLE_NS_ASSERTIONS = NO;
				ENABLE_STRICT_OBJC_MSGSEND = YES;
				GCC_C_LANGUAGE_STANDARD = gnu99;
				GCC_NO_COMMON_BLOCKS = YES;
				GCC_WARN_64_TO_32_BIT_CONVERSION = YES;
				GCC_WARN_ABOUT_RETURN_TYPE = YES_ERROR;
				GCC_WARN_UNDECLARED_SELECTOR = YES;
				GCC_WARN_UNINITIALIZED_AUTOS = YES_AGGRESSIVE;
				GCC_WARN_UNUSED_FUNCTION = YES;
				GCC_WARN_UNUSED_VARIABLE = YES;
				IPHONEOS_DEPLOYMENT_TARGET = 9.2;
				MTL_ENABLE_DEBUG_INFO = NO;
				SDKROOT = iphoneos;
				TARGETED_DEVICE_FAMILY = "1,2";
				VALIDATE_PRODUCT = YES;
				VERSIONING_SYSTEM = "apple-generic";
				VERSION_INFO_PREFIX = "";
			};
			name = Release;
		};
		86769D4E1C94CC8000B86A72 /* Debug */ = {
			isa = XCBuildConfiguration;
			buildSettings = {
				DEFINES_MODULE = YES;
				DYLIB_COMPATIBILITY_VERSION = 1;
				DYLIB_CURRENT_VERSION = 1;
				DYLIB_INSTALL_NAME_BASE = "@rpath";
				INFOPLIST_FILE = IRCClient/Info.plist;
				INSTALL_PATH = "$(LOCAL_LIBRARY_DIR)/Frameworks";
				LD_RUNPATH_SEARCH_PATHS = "$(inherited) @executable_path/Frameworks @loader_path/Frameworks";
				PLIST_FILE_OUTPUT_FORMAT = "same-as-input";
				PRODUCT_BUNDLE_IDENTIFIER = saidachmiz.IRCClient;
				PRODUCT_NAME = "$(TARGET_NAME)";
				SKIP_INSTALL = YES;
				STRINGS_FILE_OUTPUT_ENCODING = "UTF-8";
				TARGETED_DEVICE_FAMILY = "1,2";
			};
			name = Debug;
		};
		86769D4F1C94CC8000B86A72 /* Release */ = {
			isa = XCBuildConfiguration;
			buildSettings = {
				DEFINES_MODULE = YES;
				DYLIB_COMPATIBILITY_VERSION = 1;
				DYLIB_CURRENT_VERSION = 1;
				DYLIB_INSTALL_NAME_BASE = "@rpath";
				INFOPLIST_FILE = IRCClient/Info.plist;
				INSTALL_PATH = "$(LOCAL_LIBRARY_DIR)/Frameworks";
				LD_RUNPATH_SEARCH_PATHS = "$(inherited) @executable_path/Frameworks @loader_path/Frameworks";
				PLIST_FILE_OUTPUT_FORMAT = "same-as-input";
				PRODUCT_BUNDLE_IDENTIFIER = saidachmiz.IRCClient;
				PRODUCT_NAME = "$(TARGET_NAME)";
				SKIP_INSTALL = YES;
				STRINGS_FILE_OUTPUT_ENCODING = "UTF-8";
				TARGETED_DEVICE_FAMILY = "1,2";
			};
			name = Release;
		};
/* End XCBuildConfiguration section */

/* Begin XCConfigurationList section */
		86769D3F1C94CC8000B86A72 /* Build configuration list for PBXProject "IRCClient" */ = {
			isa = XCConfigurationList;
			buildConfigurations = (
				86769D4B1C94CC8000B86A72 /* Debug */,
				86769D4C1C94CC8000B86A72 /* Release */,
			);
			defaultConfigurationIsVisible = 0;
			defaultConfigurationName = Release;
		};
		86769D4D1C94CC8000B86A72 /* Build configuration list for PBXNativeTarget "IRCClient" */ = {
			isa = XCConfigurationList;
			buildConfigurations = (
				86769D4E1C94CC8000B86A72 /* Debug */,
				86769D4F1C94CC8000B86A72 /* Release */,
			);
			defaultConfigurationIsVisible = 0;
			defaultConfigurationName = Release;
		};
/* End XCConfigurationList section */
	};
	rootObject = 86769D3C1C94CC8000B86A72 /* Project object */;
}
